
Microsoft Visual Studio Solution File, Format Version 12.00
# Visual Studio Version 16
VisualStudioVersion = 16.0.29215.179
MinimumVisualStudioVersion = 10.0.40219.1
Project("{A07B5EB6-E848-4116-A8D0-A826331D98C6}") = "VendasACME", "Vendas\VendasACME.sfproj", "{C915C3D3-EA49-43BF-AD8D-75069E3BAF7C}"
EndProject
Project("{9A19103F-16F7-4668-BE54-9A1E7A4F7556}") = "Domain", "Domain\Domain.csproj", "{B7AF1E0B-6671-4D35-969F-EF7650E72BB2}"
EndProject
Project("{9A19103F-16F7-4668-BE54-9A1E7A4F7556}") = "Service", "Service\Service.csproj", "{72223048-5255-40F8-909C-05FC3D0A8AC1}"
EndProject
Project("{9A19103F-16F7-4668-BE54-9A1E7A4F7556}") = "infra", "infra\infra.csproj", "{FDF2B908-E58E-4F47-BC01-F33F867D1B1C}"
EndProject
Project("{2150E333-8FDC-42A3-9474-1A3956D46DE8}") = "Abstracts", "Abstracts", "{6627F36E-476F-456E-BD9A-4DC6E63E2B21}"
EndProject
Project("{9A19103F-16F7-4668-BE54-9A1E7A4F7556}") = "IDomain.Abstract", "IDomain.Abstract\IDomain.Abstract.csproj", "{646E2D28-BA63-43BE-B08A-432799F0B4CC}"
EndProject
Project("{9A19103F-16F7-4668-BE54-9A1E7A4F7556}") = "IInfra.Abstract", "IInfra.Abstract\IInfra.Abstract.csproj", "{7B705745-6C23-40E3-BF9C-E46E159DCE12}"
EndProject
Project("{9A19103F-16F7-4668-BE54-9A1E7A4F7556}") = "IService.Abstract", "IService.Abstract\IService.Abstract.csproj", "{92354830-D785-4969-A474-8A5404A3C8C4}"
EndProject
Project("{9A19103F-16F7-4668-BE54-9A1E7A4F7556}") = "Vendas", "teste\Vendas.csproj", "{1AC4C27A-F7F8-490A-830A-90B978EAF95D}"
EndProject
Project("{2150E333-8FDC-42A3-9474-1A3956D46DE8}") = "Tests", "Tests", "{AF0DF092-D42C-4AA3-A209-8459259AB924}"
EndProject
Project("{FAE04EC0-301F-11D3-BF4B-00C04F79EFBC}") = "Domain.Test", "Domain.Test\Domain.Test.csproj", "{7B34B054-ECEB-4083-B400-CF9EC9F10D0B}"
EndProject
Global
	GlobalSection(SolutionConfigurationPlatforms) = preSolution
		Debug|Any CPU = Debug|Any CPU
		Debug|x64 = Debug|x64
		Release|Any CPU = Release|Any CPU
		Release|x64 = Release|x64
	EndGlobalSection
	GlobalSection(ProjectConfigurationPlatforms) = postSolution
		{C915C3D3-EA49-43BF-AD8D-75069E3BAF7C}.Debug|Any CPU.ActiveCfg = Debug|x64
		{C915C3D3-EA49-43BF-AD8D-75069E3BAF7C}.Debug|x64.ActiveCfg = Debug|x64
		{C915C3D3-EA49-43BF-AD8D-75069E3BAF7C}.Debug|x64.Build.0 = Debug|x64
		{C915C3D3-EA49-43BF-AD8D-75069E3BAF7C}.Debug|x64.Deploy.0 = Debug|x64
		{C915C3D3-EA49-43BF-AD8D-75069E3BAF7C}.Release|Any CPU.ActiveCfg = Release|x64
		{C915C3D3-EA49-43BF-AD8D-75069E3BAF7C}.Release|x64.ActiveCfg = Release|x64
		{C915C3D3-EA49-43BF-AD8D-75069E3BAF7C}.Release|x64.Build.0 = Release|x64
		{C915C3D3-EA49-43BF-AD8D-75069E3BAF7C}.Release|x64.Deploy.0 = Release|x64
		{B7AF1E0B-6671-4D35-969F-EF7650E72BB2}.Debug|Any CPU.ActiveCfg = Debug|Any CPU
		{B7AF1E0B-6671-4D35-969F-EF7650E72BB2}.Debug|Any CPU.Build.0 = Debug|Any CPU
		{B7AF1E0B-6671-4D35-969F-EF7650E72BB2}.Debug|x64.ActiveCfg = Debug|Any CPU
		{B7AF1E0B-6671-4D35-969F-EF7650E72BB2}.Debug|x64.Build.0 = Debug|Any CPU
		{B7AF1E0B-6671-4D35-969F-EF7650E72BB2}.Release|Any CPU.ActiveCfg = Release|Any CPU
		{B7AF1E0B-6671-4D35-969F-EF7650E72BB2}.Release|Any CPU.Build.0 = Release|Any CPU
		{B7AF1E0B-6671-4D35-969F-EF7650E72BB2}.Release|x64.ActiveCfg = Release|Any CPU
		{B7AF1E0B-6671-4D35-969F-EF7650E72BB2}.Release|x64.Build.0 = Release|Any CPU
		{72223048-5255-40F8-909C-05FC3D0A8AC1}.Debug|Any CPU.ActiveCfg = Debug|Any CPU
		{72223048-5255-40F8-909C-05FC3D0A8AC1}.Debug|Any CPU.Build.0 = Debug|Any CPU
		{72223048-5255-40F8-909C-05FC3D0A8AC1}.Debug|x64.ActiveCfg = Debug|Any CPU
		{72223048-5255-40F8-909C-05FC3D0A8AC1}.Debug|x64.Build.0 = Debug|Any CPU
		{72223048-5255-40F8-909C-05FC3D0A8AC1}.Release|Any CPU.ActiveCfg = Release|Any CPU
		{72223048-5255-40F8-909C-05FC3D0A8AC1}.Release|Any CPU.Build.0 = Release|Any CPU
		{72223048-5255-40F8-909C-05FC3D0A8AC1}.Release|x64.ActiveCfg = Release|Any CPU
		{72223048-5255-40F8-909C-05FC3D0A8AC1}.Release|x64.Build.0 = Release|Any CPU
		{FDF2B908-E58E-4F47-BC01-F33F867D1B1C}.Debug|Any CPU.ActiveCfg = Debug|Any CPU
		{FDF2B908-E58E-4F47-BC01-F33F867D1B1C}.Debug|Any CPU.Build.0 = Debug|Any CPU
		{FDF2B908-E58E-4F47-BC01-F33F867D1B1C}.Debug|x64.ActiveCfg = Debug|Any CPU
		{FDF2B908-E58E-4F47-BC01-F33F867D1B1C}.Debug|x64.Build.0 = Debug|Any CPU
		{FDF2B908-E58E-4F47-BC01-F33F867D1B1C}.Release|Any CPU.ActiveCfg = Release|Any CPU
		{FDF2B908-E58E-4F47-BC01-F33F867D1B1C}.Release|Any CPU.Build.0 = Release|Any CPU
		{FDF2B908-E58E-4F47-BC01-F33F867D1B1C}.Release|x64.ActiveCfg = Release|Any CPU
		{FDF2B908-E58E-4F47-BC01-F33F867D1B1C}.Release|x64.Build.0 = Release|Any CPU
		{646E2D28-BA63-43BE-B08A-432799F0B4CC}.Debug|Any CPU.ActiveCfg = Debug|Any CPU
		{646E2D28-BA63-43BE-B08A-432799F0B4CC}.Debug|Any CPU.Build.0 = Debug|Any CPU
		{646E2D28-BA63-43BE-B08A-432799F0B4CC}.Debug|x64.ActiveCfg = Debug|Any CPU
		{646E2D28-BA63-43BE-B08A-432799F0B4CC}.Debug|x64.Build.0 = Debug|Any CPU
		{646E2D28-BA63-43BE-B08A-432799F0B4CC}.Release|Any CPU.ActiveCfg = Release|Any CPU
		{646E2D28-BA63-43BE-B08A-432799F0B4CC}.Release|Any CPU.Build.0 = Release|Any CPU
		{646E2D28-BA63-43BE-B08A-432799F0B4CC}.Release|x64.ActiveCfg = Release|Any CPU
		{646E2D28-BA63-43BE-B08A-432799F0B4CC}.Release|x64.Build.0 = Release|Any CPU
		{7B705745-6C23-40E3-BF9C-E46E159DCE12}.Debug|Any CPU.ActiveCfg = Debug|Any CPU
		{7B705745-6C23-40E3-BF9C-E46E159DCE12}.Debug|Any CPU.Build.0 = Debug|Any CPU
		{7B705745-6C23-40E3-BF9C-E46E159DCE12}.Debug|x64.ActiveCfg = Debug|Any CPU
		{7B705745-6C23-40E3-BF9C-E46E159DCE12}.Debug|x64.Build.0 = Debug|Any CPU
		{7B705745-6C23-40E3-BF9C-E46E159DCE12}.Release|Any CPU.ActiveCfg = Release|Any CPU
		{7B705745-6C23-40E3-BF9C-E46E159DCE12}.Release|Any CPU.Build.0 = Release|Any CPU
		{7B705745-6C23-40E3-BF9C-E46E159DCE12}.Release|x64.ActiveCfg = Release|Any CPU
		{7B705745-6C23-40E3-BF9C-E46E159DCE12}.Release|x64.Build.0 = Release|Any CPU
		{92354830-D785-4969-A474-8A5404A3C8C4}.Debug|Any CPU.ActiveCfg = Debug|Any CPU
		{92354830-D785-4969-A474-8A5404A3C8C4}.Debug|Any CPU.Build.0 = Debug|Any CPU
		{92354830-D785-4969-A474-8A5404A3C8C4}.Debug|x64.ActiveCfg = Debug|Any CPU
		{92354830-D785-4969-A474-8A5404A3C8C4}.Debug|x64.Build.0 = Debug|Any CPU
		{92354830-D785-4969-A474-8A5404A3C8C4}.Release|Any CPU.ActiveCfg = Release|Any CPU
		{92354830-D785-4969-A474-8A5404A3C8C4}.Release|Any CPU.Build.0 = Release|Any CPU
		{92354830-D785-4969-A474-8A5404A3C8C4}.Release|x64.ActiveCfg = Release|Any CPU
		{92354830-D785-4969-A474-8A5404A3C8C4}.Release|x64.Build.0 = Release|Any CPU
		{1AC4C27A-F7F8-490A-830A-90B978EAF95D}.Debug|Any CPU.ActiveCfg = Debug|Any CPU
		{1AC4C27A-F7F8-490A-830A-90B978EAF95D}.Debug|Any CPU.Build.0 = Debug|Any CPU
		{1AC4C27A-F7F8-490A-830A-90B978EAF95D}.Debug|x64.ActiveCfg = Debug|Any CPU
		{1AC4C27A-F7F8-490A-830A-90B978EAF95D}.Debug|x64.Build.0 = Debug|Any CPU
		{1AC4C27A-F7F8-490A-830A-90B978EAF95D}.Release|Any CPU.ActiveCfg = Release|Any CPU
		{1AC4C27A-F7F8-490A-830A-90B978EAF95D}.Release|Any CPU.Build.0 = Release|Any CPU
		{1AC4C27A-F7F8-490A-830A-90B978EAF95D}.Release|x64.ActiveCfg = Release|Any CPU
		{1AC4C27A-F7F8-490A-830A-90B978EAF95D}.Release|x64.Build.0 = Release|Any CPU
		{7B34B054-ECEB-4083-B400-CF9EC9F10D0B}.Debug|Any CPU.ActiveCfg = Debug|Any CPU
		{7B34B054-ECEB-4083-B400-CF9EC9F10D0B}.Debug|Any CPU.Build.0 = Debug|Any CPU
		{7B34B054-ECEB-4083-B400-CF9EC9F10D0B}.Debug|x64.ActiveCfg = Debug|Any CPU
		{7B34B054-ECEB-4083-B400-CF9EC9F10D0B}.Debug|x64.Build.0 = Debug|Any CPU
		{7B34B054-ECEB-4083-B400-CF9EC9F10D0B}.Release|Any CPU.ActiveCfg = Release|Any CPU
		{7B34B054-ECEB-4083-B400-CF9EC9F10D0B}.Release|Any CPU.Build.0 = Release|Any CPU
		{7B34B054-ECEB-4083-B400-CF9EC9F10D0B}.Release|x64.ActiveCfg = Release|Any CPU
		{7B34B054-ECEB-4083-B400-CF9EC9F10D0B}.Release|x64.Build.0 = Release|Any CPU
	EndGlobalSection
	GlobalSection(SolutionProperties) = preSolution
		HideSolutionNode = FALSE
	EndGlobalSection
	GlobalSection(NestedProjects) = preSolution
		{646E2D28-BA63-43BE-B08A-432799F0B4CC} = {6627F36E-476F-456E-BD9A-4DC6E63E2B21}
		{7B705745-6C23-40E3-BF9C-E46E159DCE12} = {6627F36E-476F-456E-BD9A-4DC6E63E2B21}
		{92354830-D785-4969-A474-8A5404A3C8C4} = {6627F36E-476F-456E-BD9A-4DC6E63E2B21}
		{7B34B054-ECEB-4083-B400-CF9EC9F10D0B} = {AF0DF092-D42C-4AA3-A209-8459259AB924}
	EndGlobalSection
	GlobalSection(ExtensibilityGlobals) = postSolution
		SolutionGuid = {8E387A75-B80A-4515-B8B2-9255893FA0A6}
	EndGlobalSection
EndGlobal
